
Microsoft Visual Studio Solution File, Format Version 12.00
# Visual Studio Version 16
VisualStudioVersion = 16.0.31005.135
MinimumVisualStudioVersion = 10.0.40219.1
Project("{FAE04EC0-301F-11D3-BF4B-00C04F79EFBC}") = "Oefeningen 2502", "Oefeningen 2502\Oefeningen 2502.csproj", "{9C5A8B13-DF2B-4074-9E5B-78FF1EB63736}"
EndProject
Global
	GlobalSection(SolutionConfigurationPlatforms) = preSolution
		Debug|Any CPU = Debug|Any CPU
		Release|Any CPU = Release|Any CPU
	EndGlobalSection
	GlobalSection(ProjectConfigurationPlatforms) = postSolution
		{9C5A8B13-DF2B-4074-9E5B-78FF1EB63736}.Debug|Any CPU.ActiveCfg = Debug|Any CPU
		{9C5A8B13-DF2B-4074-9E5B-78FF1EB63736}.Debug|Any CPU.Build.0 = Debug|Any CPU
		{9C5A8B13-DF2B-4074-9E5B-78FF1EB63736}.Release|Any CPU.ActiveCfg = Release|Any CPU
		{9C5A8B13-DF2B-4074-9E5B-78FF1EB63736}.Release|Any CPU.Build.0 = Release|Any CPU
	EndGlobalSection
	GlobalSection(SolutionProperties) = preSolution
		HideSolutionNode = FALSE
	EndGlobalSection
	GlobalSection(ExtensibilityGlobals) = postSolution
		SolutionGuid = {A0D3F38D-7F90-4B49-9914-168DC1B06AF4}
	EndGlobalSection
EndGlobal
